
Microsoft Visual Studio Solution File, Format Version 12.00
# Visual Studio 15
VisualStudioVersion = 15.0.27703.2026
MinimumVisualStudioVersion = 10.0.40219.1
Project("{9A19103F-16F7-4668-BE54-9A1E7A4F7556}") = "TomKerkhove.YamlGenerics.Tests", "TomKerkhove.YamlGenerics.Tests\TomKerkhove.YamlGenerics.Tests.csproj", "{4A7D7877-677C-47B0-9DCE-84B050C857FC}"
EndProject
Global
	GlobalSection(SolutionConfigurationPlatforms) = preSolution
		Debug|Any CPU = Debug|Any CPU
		Release|Any CPU = Release|Any CPU
	EndGlobalSection
	GlobalSection(ProjectConfigurationPlatforms) = postSolution
		{4A7D7877-677C-47B0-9DCE-84B050C857FC}.Debug|Any CPU.ActiveCfg = Debug|Any CPU
		{4A7D7877-677C-47B0-9DCE-84B050C857FC}.Debug|Any CPU.Build.0 = Debug|Any CPU
		{4A7D7877-677C-47B0-9DCE-84B050C857FC}.Release|Any CPU.ActiveCfg = Release|Any CPU
		{4A7D7877-677C-47B0-9DCE-84B050C857FC}.Release|Any CPU.Build.0 = Release|Any CPU
	EndGlobalSection
	GlobalSection(SolutionProperties) = preSolution
		HideSolutionNode = FALSE
	EndGlobalSection
	GlobalSection(ExtensibilityGlobals) = postSolution
		SolutionGuid = {918E1951-0B42-4E1E-B1C8-F53C1207B184}
	EndGlobalSection
EndGlobal
